
Microsoft Visual Studio Solution File, Format Version 12.00
# Visual Studio Version 17
VisualStudioVersion = 17.4.33205.214
MinimumVisualStudioVersion = 10.0.40219.1
Project("{888888A0-9F3D-457C-B088-3A5042F75D52}") = "avtoPlayNiNoKuni", "avtoPlayNiNoKuni.pyproj", "{C32600D1-77F3-4418-B31D-EFE07D91EA04}"
EndProject
Global
	GlobalSection(SolutionConfigurationPlatforms) = preSolution
		Debug|Any CPU = Debug|Any CPU
		Release|Any CPU = Release|Any CPU
	EndGlobalSection
	GlobalSection(ProjectConfigurationPlatforms) = postSolution
		{C32600D1-77F3-4418-B31D-EFE07D91EA04}.Debug|Any CPU.ActiveCfg = Debug|Any CPU
		{C32600D1-77F3-4418-B31D-EFE07D91EA04}.Release|Any CPU.ActiveCfg = Release|Any CPU
	EndGlobalSection
	GlobalSection(SolutionProperties) = preSolution
		HideSolutionNode = FALSE
	EndGlobalSection
	GlobalSection(ExtensibilityGlobals) = postSolution
		SolutionGuid = {67EF827B-EF9B-49B7-AE6C-A7C868F61A95}
	EndGlobalSection
EndGlobal
